
Microsoft Visual Studio Solution File, Format Version 12.00
# Visual Studio Version 17
VisualStudioVersion = 17.2.32505.173
MinimumVisualStudioVersion = 10.0.40219.1
Project("{FAE04EC0-301F-11D3-BF4B-00C04F79EFBC}") = "Calc addition", "Calc addition\Calc addition.csproj", "{E7F40FD4-95E3-463B-ABBE-605FFFA10824}"
EndProject
Global
	GlobalSection(SolutionConfigurationPlatforms) = preSolution
		Debug|Any CPU = Debug|Any CPU
		Release|Any CPU = Release|Any CPU
	EndGlobalSection
	GlobalSection(ProjectConfigurationPlatforms) = postSolution
		{E7F40FD4-95E3-463B-ABBE-605FFFA10824}.Debug|Any CPU.ActiveCfg = Debug|Any CPU
		{E7F40FD4-95E3-463B-ABBE-605FFFA10824}.Debug|Any CPU.Build.0 = Debug|Any CPU
		{E7F40FD4-95E3-463B-ABBE-605FFFA10824}.Release|Any CPU.ActiveCfg = Release|Any CPU
		{E7F40FD4-95E3-463B-ABBE-605FFFA10824}.Release|Any CPU.Build.0 = Release|Any CPU
	EndGlobalSection
	GlobalSection(SolutionProperties) = preSolution
		HideSolutionNode = FALSE
	EndGlobalSection
	GlobalSection(ExtensibilityGlobals) = postSolution
		SolutionGuid = {9ACBC36B-129E-4D38-BC5D-2D214D6C6FEE}
	EndGlobalSection
EndGlobal
