
Microsoft Visual Studio Solution File, Format Version 12.00
# Visual Studio Version 17
VisualStudioVersion = 17.2.32505.173
MinimumVisualStudioVersion = 10.0.40219.1
Project("{FAE04EC0-301F-11D3-BF4B-00C04F79EFBC}") = "First game", "First game\First game.csproj", "{55151D1F-3CE9-48AA-BD79-165B912183FB}"
EndProject
Global
	GlobalSection(SolutionConfigurationPlatforms) = preSolution
		Debug|Any CPU = Debug|Any CPU
		Release|Any CPU = Release|Any CPU
	EndGlobalSection
	GlobalSection(ProjectConfigurationPlatforms) = postSolution
		{55151D1F-3CE9-48AA-BD79-165B912183FB}.Debug|Any CPU.ActiveCfg = Debug|Any CPU
		{55151D1F-3CE9-48AA-BD79-165B912183FB}.Debug|Any CPU.Build.0 = Debug|Any CPU
		{55151D1F-3CE9-48AA-BD79-165B912183FB}.Release|Any CPU.ActiveCfg = Release|Any CPU
		{55151D1F-3CE9-48AA-BD79-165B912183FB}.Release|Any CPU.Build.0 = Release|Any CPU
	EndGlobalSection
	GlobalSection(SolutionProperties) = preSolution
		HideSolutionNode = FALSE
	EndGlobalSection
	GlobalSection(ExtensibilityGlobals) = postSolution
		SolutionGuid = {E00E4D62-4B30-4FE9-ABAC-E3191F774D31}
	EndGlobalSection
EndGlobal
